Microsoft Visual Studio Solution File, Format Version 11.00
# Visual Studio 2008

Project("{DE7EDFBD-567B-031F-5E84-7AF919474041}") = "falsehood", "Assembly-CSharp-firstpass.csproj", "{1D4F9F01-563C-7DD1-3CFF-C34E6D28BFEB}"
EndProject
Project("{DE7EDFBD-567B-031F-5E84-7AF919474041}") = "falsehood", "Assembly-CSharp.csproj", "{66B8ED72-B51C-6C6A-C7B7-4CA65C56424C}"
EndProject
Project("{DE7EDFBD-567B-031F-5E84-7AF919474041}") = "falsehood", "Assembly-UnityScript-firstpass.unityproj", "{843616D9-7D55-3650-749D-5A27E10A01AB}"
EndProject
Global
	GlobalSection(SolutionConfigurationPlatforms) = preSolution
		Debug|Any CPU = Debug|Any CPU
		Release|Any CPU = Release|Any CPU
	EndGlobalSection
	GlobalSection(ProjectConfigurationPlatforms) = postSolution
		{1D4F9F01-563C-7DD1-3CFF-C34E6D28BFEB}.Debug|Any CPU.ActiveCfg = Debug|Any CPU
		{1D4F9F01-563C-7DD1-3CFF-C34E6D28BFEB}.Debug|Any CPU.Build.0 = Debug|Any CPU
		{1D4F9F01-563C-7DD1-3CFF-C34E6D28BFEB}.Release|Any CPU.ActiveCfg = Release|Any CPU
		{1D4F9F01-563C-7DD1-3CFF-C34E6D28BFEB}.Release|Any CPU.Build.0 = Release|Any CPU
		{66B8ED72-B51C-6C6A-C7B7-4CA65C56424C}.Debug|Any CPU.ActiveCfg = Debug|Any CPU
		{66B8ED72-B51C-6C6A-C7B7-4CA65C56424C}.Debug|Any CPU.Build.0 = Debug|Any CPU
		{66B8ED72-B51C-6C6A-C7B7-4CA65C56424C}.Release|Any CPU.ActiveCfg = Release|Any CPU
		{66B8ED72-B51C-6C6A-C7B7-4CA65C56424C}.Release|Any CPU.Build.0 = Release|Any CPU
		{843616D9-7D55-3650-749D-5A27E10A01AB}.Debug|Any CPU.ActiveCfg = Debug|Any CPU
		{843616D9-7D55-3650-749D-5A27E10A01AB}.Debug|Any CPU.Build.0 = Debug|Any CPU
		{843616D9-7D55-3650-749D-5A27E10A01AB}.Release|Any CPU.ActiveCfg = Release|Any CPU
		{843616D9-7D55-3650-749D-5A27E10A01AB}.Release|Any CPU.Build.0 = Release|Any CPU
	EndGlobalSection
	GlobalSection(SolutionProperties) = preSolution
		HideSolutionNode = FALSE
	EndGlobalSection
							GlobalSection(MonoDevelopProperties) = preSolution
		StartupItem = Assembly-CSharp.csproj
		Policies = $0
		$0.TextStylePolicy = $1
		$1.inheritsSet = null
		$1.scope = text/x-csharp
		$0.CSharpFormattingPolicy = $2
		$2.inheritsSet = Mono
		$2.inheritsScope = text/x-csharp
		$2.scope = text/x-csharp
		$0.TextStylePolicy = $3
		$3.FileWidth = 120
		$3.TabWidth = 4
		$3.EolMarker = Unix
		$3.inheritsSet = Mono
		$3.inheritsScope = text/plain
		$3.scope = text/plain
	EndGlobalSection

EndGlobal
